
Microsoft Visual Studio Solution File, Format Version 12.00
# Visual Studio Version 17
VisualStudioVersion = 17.11.35219.272
MinimumVisualStudioVersion = 10.0.40219.1
Project("{FAE04EC0-301F-11D3-BF4B-00C04F79EFBC}") = "Laboratorio 1", "Laboratorio 1\Laboratorio 1.csproj", "{07D96DBE-AD96-4A75-A0CD-5D60A42FFD37}"
EndProject
Global
	GlobalSection(SolutionConfigurationPlatforms) = preSolution
		Debug|Any CPU = Debug|Any CPU
		Release|Any CPU = Release|Any CPU
	EndGlobalSection
	GlobalSection(ProjectConfigurationPlatforms) = postSolution
		{07D96DBE-AD96-4A75-A0CD-5D60A42FFD37}.Debug|Any CPU.ActiveCfg = Debug|Any CPU
		{07D96DBE-AD96-4A75-A0CD-5D60A42FFD37}.Debug|Any CPU.Build.0 = Debug|Any CPU
		{07D96DBE-AD96-4A75-A0CD-5D60A42FFD37}.Release|Any CPU.ActiveCfg = Release|Any CPU
		{07D96DBE-AD96-4A75-A0CD-5D60A42FFD37}.Release|Any CPU.Build.0 = Release|Any CPU
	EndGlobalSection
	GlobalSection(SolutionProperties) = preSolution
		HideSolutionNode = FALSE
	EndGlobalSection
	GlobalSection(ExtensibilityGlobals) = postSolution
		SolutionGuid = {3D69B8C6-79BA-4933-A696-C74FED25D275}
	EndGlobalSection
EndGlobal
